
Microsoft Visual Studio Solution File, Format Version 12.00
# Visual Studio Version 17
VisualStudioVersion = 17.14.36414.22 d17.14
MinimumVisualStudioVersion = 10.0.40219.1
Project("{FAE04EC0-301F-11D3-BF4B-00C04F79EFBC}") = "NoEntityPush", "NoEntityPush\NoEntityPush.csproj", "{04B2BDD6-3876-4E96-8E38-2F62A0CAD053}"
EndProject
Project("{FAE04EC0-301F-11D3-BF4B-00C04F79EFBC}") = "CakeBuild", "ZZCakeBuild\CakeBuild.csproj", "{FF15EA58-D570-4FA2-B719-001E570C5A17}"
EndProject
Global
	GlobalSection(SolutionConfigurationPlatforms) = preSolution
		Debug|Any CPU = Debug|Any CPU
		Release|Any CPU = Release|Any CPU
	EndGlobalSection
	GlobalSection(ProjectConfigurationPlatforms) = postSolution
		{04B2BDD6-3876-4E96-8E38-2F62A0CAD053}.Debug|Any CPU.ActiveCfg = Debug|Any CPU
		{04B2BDD6-3876-4E96-8E38-2F62A0CAD053}.Debug|Any CPU.Build.0 = Debug|Any CPU
		{04B2BDD6-3876-4E96-8E38-2F62A0CAD053}.Release|Any CPU.ActiveCfg = Release|Any CPU
		{04B2BDD6-3876-4E96-8E38-2F62A0CAD053}.Release|Any CPU.Build.0 = Release|Any CPU
		{FF15EA58-D570-4FA2-B719-001E570C5A17}.Debug|Any CPU.ActiveCfg = Debug|Any CPU
		{FF15EA58-D570-4FA2-B719-001E570C5A17}.Debug|Any CPU.Build.0 = Debug|Any CPU
		{FF15EA58-D570-4FA2-B719-001E570C5A17}.Release|Any CPU.ActiveCfg = Release|Any CPU
		{FF15EA58-D570-4FA2-B719-001E570C5A17}.Release|Any CPU.Build.0 = Release|Any CPU
	EndGlobalSection
	GlobalSection(SolutionProperties) = preSolution
		HideSolutionNode = FALSE
	EndGlobalSection
	GlobalSection(ExtensibilityGlobals) = postSolution
		SolutionGuid = {D2667F36-70A9-48A4-B468-293EF7C65A18}
	EndGlobalSection
EndGlobal
